// !$*UTF8*$!
{
	archiveVersion = 1;
	classes = {
	};
	objectVersion = 50;
	objects = {

/* Begin PBXBuildFile section */
		B1EA6626F335E19349F7AEDE /* libPods-NetWork-Demo.a in Frameworks */ = {isa = PBXBuildFile; fileRef = EFC20BCE893A41EAB5C4209C /* libPods-NetWork-Demo.a */; };
		C7399F8122B3773700EFDC75 /* AppDelegate.m in Sources */ = {isa = PBXBuildFile; fileRef = C7399F8022B3773700EFDC75 /* AppDelegate.m */; };
		C7399F8722B3773700EFDC75 /* Main.storyboard in Resources */ = {isa = PBXBuildFile; fileRef = C7399F8522B3773700EFDC75 /* Main.storyboard */; };
		C7399F8922B3773800EFDC75 /* Assets.xcassets in Resources */ = {isa = PBXBuildFile; fileRef = C7399F8822B3773800EFDC75 /* Assets.xcassets */; };
		C7399F8C22B3773800EFDC75 /* LaunchScreen.storyboard in Resources */ = {isa = PBXBuildFile; fileRef = C7399F8A22B3773800EFDC75 /* LaunchScreen.storyboard */; };
		C7399F8F22B3773800EFDC75 /* main.m in Sources */ = {isa = PBXBuildFile; fileRef = C7399F8E22B3773800EFDC75 /* main.m */; };
		C7399F9922B3773900EFDC75 /* NetWork_DemoTests.m in Sources */ = {isa = PBXBuildFile; fileRef = C7399F9822B3773900EFDC75 /* NetWork_DemoTests.m */; };
		C7399FA422B3773900EFDC75 /* NetWork_DemoUITests.m in Sources */ = {isa = PBXBuildFile; fileRef = C7399FA322B3773900EFDC75 /* NetWork_DemoUITests.m */; };
		C7399FB522B3776400EFDC75 /* RootViewController.m in Sources */ = {isa = PBXBuildFile; fileRef = C7399FB322B3776400EFDC75 /* RootViewController.m */; };
		C7399FB622B3776400EFDC75 /* Test1ViewController.m in Sources */ = {isa = PBXBuildFile; fileRef = C7399FB422B3776400EFDC75 /* Test1ViewController.m */; };
		C76AC5C722CAFEB2001B80D5 /* Test6ViewController.m in Sources */ = {isa = PBXBuildFile; fileRef = C76AC5BE22CAFEB1001B80D5 /* Test6ViewController.m */; };
		C76AC5C822CAFEB2001B80D5 /* Test3ViewController.m in Sources */ = {isa = PBXBuildFile; fileRef = C76AC5C022CAFEB1001B80D5 /* Test3ViewController.m */; };
		C76AC5C922CAFEB2001B80D5 /* Test5ViewController.m in Sources */ = {isa = PBXBuildFile; fileRef = C76AC5C122CAFEB1001B80D5 /* Test5ViewController.m */; };
		C76AC5CA22CAFEB2001B80D5 /* Test4ViewController.m in Sources */ = {isa = PBXBuildFile; fileRef = C76AC5C222CAFEB1001B80D5 /* Test4ViewController.m */; };
		C76AC5CB22CAFEB2001B80D5 /* Test2ViewController.m in Sources */ = {isa = PBXBuildFile; fileRef = C76AC5C422CAFEB2001B80D5 /* Test2ViewController.m */; };
/* End PBXBuildFile section */

/* Begin PBXContainerItemProxy section */
		C7399F9522B3773900EFDC75 /* PBXContainerItemProxy */ = {
			isa = PBXContainerItemProxy;
			containerPortal = C7399F7422B3773700EFDC75 /* Project object */;
			proxyType = 1;
			remoteGlobalIDString = C7399F7B22B3773700EFDC75;
			remoteInfo = "NetWork-Demo";
		};
		C7399FA022B3773900EFDC75 /* PBXContainerItemProxy */ = {
			isa = PBXContainerItemProxy;
			containerPortal = C7399F7422B3773700EFDC75 /* Project object */;
			proxyType = 1;
			remoteGlobalIDString = C7399F7B22B3773700EFDC75;
			remoteInfo = "NetWork-Demo";
		};
/* End PBXContainerItemProxy section */

/* Begin PBXFileReference section */
		44F9F24897C594FE402CC857 /* Pods-NetWork-Demo.debug.xcconfig */ = {isa = PBXFileReference; includeInIndex = 1; lastKnownFileType = text.xcconfig; name = "Pods-NetWork-Demo.debug.xcconfig"; path = "Pods/Target Support Files/Pods-NetWork-Demo/Pods-NetWork-Demo.debug.xcconfig"; sourceTree = "<group>"; };
		C7399F7C22B3773700EFDC75 /* NetWork-Demo.app */ = {isa = PBXFileReference; explicitFileType = wrapper.application; includeInIndex = 0; path = "NetWork-Demo.app"; sourceTree = BUILT_PRODUCTS_DIR; };
		C7399F7F22B3773700EFDC75 /* AppDelegate.h */ = {isa = PBXFileReference; lastKnownFileType = sourcecode.c.h; path = AppDelegate.h; sourceTree = "<group>"; };
		C7399F8022B3773700EFDC75 /* AppDelegate.m */ = {isa = PBXFileReference; lastKnownFileType = sourcecode.c.objc; path = AppDelegate.m; sourceTree = "<group>"; };
		C7399F8622B3773700EFDC75 /* Base */ = {isa = PBXFileReference; lastKnownFileType = file.storyboard; name = Base; path = Base.lproj/Main.storyboard; sourceTree = "<group>"; };
		C7399F8822B3773800EFDC75 /* Assets.xcassets */ = {isa = PBXFileReference; lastKnownFileType = folder.assetcatalog; path = Assets.xcassets; sourceTree = "<group>"; };
		C7399F8B22B3773800EFDC75 /* Base */ = {isa = PBXFileReference; lastKnownFileType = file.storyboard; name = Base; path = Base.lproj/LaunchScreen.storyboard; sourceTree = "<group>"; };
		C7399F8D22B3773800EFDC75 /* Info.plist */ = {isa = PBXFileReference; lastKnownFileType = text.plist.xml; path = Info.plist; sourceTree = "<group>"; };
		C7399F8E22B3773800EFDC75 /* main.m */ = {isa = PBXFileReference; lastKnownFileType = sourcecode.c.objc; path = main.m; sourceTree = "<group>"; };
		C7399F9422B3773900EFDC75 /* NetWork-DemoTests.xctest */ = {isa = PBXFileReference; explicitFileType = wrapper.cfbundle; includeInIndex = 0; path = "NetWork-DemoTests.xctest"; sourceTree = BUILT_PRODUCTS_DIR; };
		C7399F9822B3773900EFDC75 /* NetWork_DemoTests.m */ = {isa = PBXFileReference; lastKnownFileType = sourcecode.c.objc; path = NetWork_DemoTests.m; sourceTree = "<group>"; };
		C7399F9A22B3773900EFDC75 /* Info.plist */ = {isa = PBXFileReference; lastKnownFileType = text.plist.xml; path = Info.plist; sourceTree = "<group>"; };
		C7399F9F22B3773900EFDC75 /* NetWork-DemoUITests.xctest */ = {isa = PBXFileReference; explicitFileType = wrapper.cfbundle; includeInIndex = 0; path = "NetWork-DemoUITests.xctest"; sourceTree = BUILT_PRODUCTS_DIR; };
		C7399FA322B3773900EFDC75 /* NetWork_DemoUITests.m */ = {isa = PBXFileReference; lastKnownFileType = sourcecode.c.objc; path = NetWork_DemoUITests.m; sourceTree = "<group>"; };
		C7399FA522B3773900EFDC75 /* Info.plist */ = {isa = PBXFileReference; lastKnownFileType = text.plist.xml; path = Info.plist; sourceTree = "<group>"; };
		C7399FB122B3776400EFDC75 /* Test1ViewController.h */ = {isa = PBXFileReference; fileEncoding = 4; lastKnownFileType = sourcecode.c.h; path = Test1ViewController.h; sourceTree = "<group>"; };
		C7399FB222B3776400EFDC75 /* RootViewController.h */ = {isa = PBXFileReference; fileEncoding = 4; lastKnownFileType = sourcecode.c.h; path = RootViewController.h; sourceTree = "<group>"; };
		C7399FB322B3776400EFDC75 /* RootViewController.m */ = {isa = PBXFileReference; fileEncoding = 4; lastKnownFileType = sourcecode.c.objc; path = RootViewController.m; sourceTree = "<group>"; };
		C7399FB422B3776400EFDC75 /* Test1ViewController.m */ = {isa = PBXFileReference; fileEncoding = 4; lastKnownFileType = sourcecode.c.objc; path = Test1ViewController.m; sourceTree = "<group>"; };
		C76AC5BD22CAFEB1001B80D5 /* Test2ViewController.h */ = {isa = PBXFileReference; fileEncoding = 4; lastKnownFileType = sourcecode.c.h; path = Test2ViewController.h; sourceTree = "<group>"; };
		C76AC5BE22CAFEB1001B80D5 /* Test6ViewController.m */ = {isa = PBXFileReference; fileEncoding = 4; lastKnownFileType = sourcecode.c.objc; path = Test6ViewController.m; sourceTree = "<group>"; };
		C76AC5BF22CAFEB1001B80D5 /* Test4ViewController.h */ = {isa = PBXFileReference; fileEncoding = 4; lastKnownFileType = sourcecode.c.h; path = Test4ViewController.h; sourceTree = "<group>"; };
		C76AC5C022CAFEB1001B80D5 /* Test3ViewController.m */ = {isa = PBXFileReference; fileEncoding = 4; lastKnownFileType = sourcecode.c.objc; path = Test3ViewController.m; sourceTree = "<group>"; };
		C76AC5C122CAFEB1001B80D5 /* Test5ViewController.m */ = {isa = PBXFileReference; fileEncoding = 4; lastKnownFileType = sourcecode.c.objc; path = Test5ViewController.m; sourceTree = "<group>"; };
		C76AC5C222CAFEB1001B80D5 /* Test4ViewController.m */ = {isa = PBXFileReference; fileEncoding = 4; lastKnownFileType = sourcecode.c.objc; path = Test4ViewController.m; sourceTree = "<group>"; };
		C76AC5C322CAFEB2001B80D5 /* Test5ViewController.h */ = {isa = PBXFileReference; fileEncoding = 4; lastKnownFileType = sourcecode.c.h; path = Test5ViewController.h; sourceTree = "<group>"; };
		C76AC5C422CAFEB2001B80D5 /* Test2ViewController.m */ = {isa = PBXFileReference; fileEncoding = 4; lastKnownFileType = sourcecode.c.objc; path = Test2ViewController.m; sourceTree = "<group>"; };
		C76AC5C522CAFEB2001B80D5 /* Test6ViewController.h */ = {isa = PBXFileReference; fileEncoding = 4; lastKnownFileType = sourcecode.c.h; path = Test6ViewController.h; sourceTree = "<group>"; };
		C76AC5C622CAFEB2001B80D5 /* Test3ViewController.h */ = {isa = PBXFileReference; fileEncoding = 4; lastKnownFileType = sourcecode.c.h; path = Test3ViewController.h; sourceTree = "<group>"; };
		CF2EB3610AFA2003844BBE60 /* Pods-NetWork-Demo.release.xcconfig */ = {isa = PBXFileReference; includeInIndex = 1; lastKnownFileType = text.xcconfig; name = "Pods-NetWork-Demo.release.xcconfig"; path = "Pods/Target Support Files/Pods-NetWork-Demo/Pods-NetWork-Demo.release.xcconfig"; sourceTree = "<group>"; };
		EFC20BCE893A41EAB5C4209C /* libPods-NetWork-Demo.a */ = {isa = PBXFileReference; explicitFileType = archive.ar; includeInIndex = 0; path = "libPods-NetWork-Demo.a"; sourceTree = BUILT_PRODUCTS_DIR; };
/* End PBXFileReference section */

/* Begin PBXFrameworksBuildPhase section */
		C7399F7922B3773700EFDC75 /* Frameworks */ = {
			isa = PBXFrameworksBuildPhase;
			buildActionMask = 2147483647;
			files = (
				B1EA6626F335E19349F7AEDE /* libPods-NetWork-Demo.a in Frameworks */,
			);
			runOnlyForDeploymentPostprocessing = 0;
		};
		C7399F9122B3773900EFDC75 /* Frameworks */ = {
			isa = PBXFrameworksBuildPhase;
			buildActionMask = 2147483647;
			files = (
			);
			runOnlyForDeploymentPostprocessing = 0;
		};
		C7399F9C22B3773900EFDC75 /* Frameworks */ = {
			isa = PBXFrameworksBuildPhase;
			buildActionMask = 2147483647;
			files = (
			);
			runOnlyForDeploymentPostprocessing = 0;
		};
/* End PBXFrameworksBuildPhase section */

/* Begin PBXGroup section */
		0704D3CF69CB6B25EC16C371 /* Frameworks */ = {
			isa = PBXGroup;
			children = (
				EFC20BCE893A41EAB5C4209C /* libPods-NetWork-Demo.a */,
			);
			name = Frameworks;
			sourceTree = "<group>";
		};
		C7399F7322B3773700EFDC75 = {
			isa = PBXGroup;
			children = (
				C7399F7E22B3773700EFDC75 /* NetWork-Demo */,
				C7399F9722B3773900EFDC75 /* NetWork-DemoTests */,
				C7399FA222B3773900EFDC75 /* NetWork-DemoUITests */,
				C7399F7D22B3773700EFDC75 /* Products */,
				DEF8CFB4BFD1E91B22F703C4 /* Pods */,
				0704D3CF69CB6B25EC16C371 /* Frameworks */,
			);
			sourceTree = "<group>";
		};
		C7399F7D22B3773700EFDC75 /* Products */ = {
			isa = PBXGroup;
			children = (
				C7399F7C22B3773700EFDC75 /* NetWork-Demo.app */,
				C7399F9422B3773900EFDC75 /* NetWork-DemoTests.xctest */,
				C7399F9F22B3773900EFDC75 /* NetWork-DemoUITests.xctest */,
			);
			name = Products;
			sourceTree = "<group>";
		};
		C7399F7E22B3773700EFDC75 /* NetWork-Demo */ = {
			isa = PBXGroup;
			children = (
				C7399F7F22B3773700EFDC75 /* AppDelegate.h */,
				C7399F8022B3773700EFDC75 /* AppDelegate.m */,
				C7399FB222B3776400EFDC75 /* RootViewController.h */,
				C7399FB322B3776400EFDC75 /* RootViewController.m */,
				C7399FB122B3776400EFDC75 /* Test1ViewController.h */,
				C7399FB422B3776400EFDC75 /* Test1ViewController.m */,
				C76AC5BD22CAFEB1001B80D5 /* Test2ViewController.h */,
				C76AC5C422CAFEB2001B80D5 /* Test2ViewController.m */,
				C76AC5C622CAFEB2001B80D5 /* Test3ViewController.h */,
				C76AC5C022CAFEB1001B80D5 /* Test3ViewController.m */,
				C76AC5BF22CAFEB1001B80D5 /* Test4ViewController.h */,
				C76AC5C222CAFEB1001B80D5 /* Test4ViewController.m */,
				C76AC5C322CAFEB2001B80D5 /* Test5ViewController.h */,
				C76AC5C122CAFEB1001B80D5 /* Test5ViewController.m */,
				C76AC5C522CAFEB2001B80D5 /* Test6ViewController.h */,
				C76AC5BE22CAFEB1001B80D5 /* Test6ViewController.m */,
				C7399F8522B3773700EFDC75 /* Main.storyboard */,
				C7399F8822B3773800EFDC75 /* Assets.xcassets */,
				C7399F8A22B3773800EFDC75 /* LaunchScreen.storyboard */,
				C7399F8D22B3773800EFDC75 /* Info.plist */,
				C7399F8E22B3773800EFDC75 /* main.m */,
			);
			path = "NetWork-Demo";
			sourceTree = "<group>";
		};
		C7399F9722B3773900EFDC75 /* NetWork-DemoTests */ = {
			isa = PBXGroup;
			children = (
				C7399F9822B3773900EFDC75 /* NetWork_DemoTests.m */,
				C7399F9A22B3773900EFDC75 /* Info.plist */,
			);
			path = "NetWork-DemoTests";
			sourceTree = "<group>";
		};
		C7399FA222B3773900EFDC75 /* NetWork-DemoUITests */ = {
			isa = PBXGroup;
			children = (
				C7399FA322B3773900EFDC75 /* NetWork_DemoUITests.m */,
				C7399FA522B3773900EFDC75 /* Info.plist */,
			);
			path = "NetWork-DemoUITests";
			sourceTree = "<group>";
		};
		DEF8CFB4BFD1E91B22F703C4 /* Pods */ = {
			isa = PBXGroup;
			children = (
				44F9F24897C594FE402CC857 /* Pods-NetWork-Demo.debug.xcconfig */,
				CF2EB3610AFA2003844BBE60 /* Pods-NetWork-Demo.release.xcconfig */,
			);
			name = Pods;
			sourceTree = "<group>";
		};
/* End PBXGroup section */

/* Begin PBXNativeTarget section */
		C7399F7B22B3773700EFDC75 /* NetWork-Demo */ = {
			isa = PBXNativeTarget;
			buildConfigurationList = C7399FA822B3773900EFDC75 /* Build configuration list for PBXNativeTarget "NetWork-Demo" */;
			buildPhases = (
				FF65D518E284D0D5C0C8A576 /* [CP] Check Pods Manifest.lock */,
				C7399F7822B3773700EFDC75 /* Sources */,
				C7399F7922B3773700EFDC75 /* Frameworks */,
				C7399F7A22B3773700EFDC75 /* Resources */,
			);
			buildRules = (
			);
			dependencies = (
			);
			name = "NetWork-Demo";
			productName = "NetWork-Demo";
			productReference = C7399F7C22B3773700EFDC75 /* NetWork-Demo.app */;
			productType = "com.apple.product-type.application";
		};
		C7399F9322B3773900EFDC75 /* NetWork-DemoTests */ = {
			isa = PBXNativeTarget;
			buildConfigurationList = C7399FAB22B3773900EFDC75 /* Build configuration list for PBXNativeTarget "NetWork-DemoTests" */;
			buildPhases = (
				C7399F9022B3773900EFDC75 /* Sources */,
				C7399F9122B3773900EFDC75 /* Frameworks */,
				C7399F9222B3773900EFDC75 /* Resources */,
			);
			buildRules = (
			);
			dependencies = (
				C7399F9622B3773900EFDC75 /* PBXTargetDependency */,
			);
			name = "NetWork-DemoTests";
			productName = "NetWork-DemoTests";
			productReference = C7399F9422B3773900EFDC75 /* NetWork-DemoTests.xctest */;
			productType = "com.apple.product-type.bundle.unit-test";
		};
		C7399F9E22B3773900EFDC75 /* NetWork-DemoUITests */ = {
			isa = PBXNativeTarget;
			buildConfigurationList = C7399FAE22B3773900EFDC75 /* Build configuration list for PBXNativeTarget "NetWork-DemoUITests" */;
			buildPhases = (
				C7399F9B22B3773900EFDC75 /* Sources */,
				C7399F9C22B3773900EFDC75 /* Frameworks */,
				C7399F9D22B3773900EFDC75 /* Resources */,
			);
			buildRules = (
			);
			dependencies = (
				C7399FA122B3773900EFDC75 /* PBXTargetDependency */,
			);
			name = "NetWork-DemoUITests";
			productName = "NetWork-DemoUITests";
			productReference = C7399F9F22B3773900EFDC75 /* NetWork-DemoUITests.xctest */;
			productType = "com.apple.product-type.bundle.ui-testing";
		};
/* End PBXNativeTarget section */

/* Begin PBXProject section */
		C7399F7422B3773700EFDC75 /* Project object */ = {
			isa = PBXProject;
			attributes = {
				LastUpgradeCheck = 1020;
				ORGANIZATIONNAME = "王泽龙";
				TargetAttributes = {
					C7399F7B22B3773700EFDC75 = {
						CreatedOnToolsVersion = 10.2.1;
					};
					C7399F9322B3773900EFDC75 = {
						CreatedOnToolsVersion = 10.2.1;
						TestTargetID = C7399F7B22B3773700EFDC75;
					};
					C7399F9E22B3773900EFDC75 = {
						CreatedOnToolsVersion = 10.2.1;
						TestTargetID = C7399F7B22B3773700EFDC75;
					};
				};
			};
			buildConfigurationList = C7399F7722B3773700EFDC75 /* Build configuration list for PBXProject "NetWork-Demo" */;
			compatibilityVersion = "Xcode 9.3";
			developmentRegion = en;
			hasScannedForEncodings = 0;
			knownRegions = (
				en,
				Base,
			);
			mainGroup = C7399F7322B3773700EFDC75;
			productRefGroup = C7399F7D22B3773700EFDC75 /* Products */;
			projectDirPath = "";
			projectRoot = "";
			targets = (
				C7399F7B22B3773700EFDC75 /* NetWork-Demo */,
				C7399F9322B3773900EFDC75 /* NetWork-DemoTests */,
				C7399F9E22B3773900EFDC75 /* NetWork-DemoUITests */,
			);
		};
/* End PBXProject section */

/* Begin PBXResourcesBuildPhase section */
		C7399F7A22B3773700EFDC75 /* Resources */ = {
			isa = PBXResourcesBuildPhase;
			buildActionMask = 2147483647;
			files = (
				C7399F8C22B3773800EFDC75 /* LaunchScreen.storyboard in Resources */,
				C7399F8922B3773800EFDC75 /* Assets.xcassets in Resources */,
				C7399F8722B3773700EFDC75 /* Main.storyboard in Resources */,
			);
			runOnlyForDeploymentPostprocessing = 0;
		};
		C7399F9222B3773900EFDC75 /* Resources */ = {
			isa = PBXResourcesBuildPhase;
			buildActionMask = 2147483647;
			files = (
			);
			runOnlyForDeploymentPostprocessing = 0;
		};
		C7399F9D22B3773900EFDC75 /* Resources */ = {
			isa = PBXResourcesBuildPhase;
			buildActionMask = 2147483647;
			files = (
			);
			runOnlyForDeploymentPostprocessing = 0;
		};
/* End PBXResourcesBuildPhase section */

/* Begin PBXShellScriptBuildPhase section */
		FF65D518E284D0D5C0C8A576 /* [CP] Check Pods Manifest.lock */ = {
			isa = PBXShellScriptBuildPhase;
			buildActionMask = 2147483647;
			files = (
			);
			inputFileListPaths = (
			);
			inputPaths = (
				"${PODS_PODFILE_DIR_PATH}/Podfile.lock",
				"${PODS_ROOT}/Manifest.lock",
			);
			name = "[CP] Check Pods Manifest.lock";
			outputFileListPaths = (
			);
			outputPaths = (
				"$(DERIVED_FILE_DIR)/Pods-NetWork-Demo-checkManifestLockResult.txt",
			);
			runOnlyForDeploymentPostprocessing = 0;
			shellPath = /bin/sh;
			shellScript = "diff \"${PODS_PODFILE_DIR_PATH}/Podfile.lock\" \"${PODS_ROOT}/Manifest.lock\" > /dev/null\nif [ $? != 0 ] ; then\n    # print error to STDERR\n    echo \"error: The sandbox is not in sync with the Podfile.lock. Run 'pod install' or update your CocoaPods installation.\" >&2\n    exit 1\nfi\n# This output is used by Xcode 'outputs' to avoid re-running this script phase.\necho \"SUCCESS\" > \"${SCRIPT_OUTPUT_FILE_0}\"\n";
			showEnvVarsInLog = 0;
		};
/* End PBXShellScriptBuildPhase section */

/* Begin PBXSourcesBuildPhase section */
		C7399F7822B3773700EFDC75 /* Sources */ = {
			isa = PBXSourcesBuildPhase;
			buildActionMask = 2147483647;
			files = (
				C76AC5C922CAFEB2001B80D5 /* Test5ViewController.m in Sources */,
				C7399FB622B3776400EFDC75 /* Test1ViewController.m in Sources */,
				C7399F8F22B3773800EFDC75 /* main.m in Sources */,
				C76AC5CB22CAFEB2001B80D5 /* Test2ViewController.m in Sources */,
				C76AC5CA22CAFEB2001B80D5 /* Test4ViewController.m in Sources */,
				C76AC5C822CAFEB2001B80D5 /* Test3ViewController.m in Sources */,
				C7399FB522B3776400EFDC75 /* RootViewController.m in Sources */,
				C76AC5C722CAFEB2001B80D5 /* Test6ViewController.m in Sources */,
				C7399F8122B3773700EFDC75 /* AppDelegate.m in Sources */,
			);
			runOnlyForDeploymentPostprocessing = 0;
		};
		C7399F9022B3773900EFDC75 /* Sources */ = {
			isa = PBXSourcesBuildPhase;
			buildActionMask = 2147483647;
			files = (
				C7399F9922B3773900EFDC75 /* NetWork_DemoTests.m in Sources */,
			);
			runOnlyForDeploymentPostprocessing = 0;
		};
		C7399F9B22B3773900EFDC75 /* Sources */ = {
			isa = PBXSourcesBuildPhase;
			buildActionMask = 2147483647;
			files = (
				C7399FA422B3773900EFDC75 /* NetWork_DemoUITests.m in Sources */,
			);
			runOnlyForDeploymentPostprocessing = 0;
		};
/* End PBXSourcesBuildPhase section */

/* Begin PBXTargetDependency section */
		C7399F9622B3773900EFDC75 /* PBXTargetDependency */ = {
			isa = PBXTargetDependency;
			target = C7399F7B22B3773700EFDC75 /* NetWork-Demo */;
			targetProxy = C7399F9522B3773900EFDC75 /* PBXContainerItemProxy */;
		};
		C7399FA122B3773900EFDC75 /* PBXTargetDependency */ = {
			isa = PBXTargetDependency;
			target = C7399F7B22B3773700EFDC75 /* NetWork-Demo */;
			targetProxy = C7399FA022B3773900EFDC75 /* PBXContainerItemProxy */;
		};
/* End PBXTargetDependency section */

/* Begin PBXVariantGroup section */
		C7399F8522B3773700EFDC75 /* Main.storyboard */ = {
			isa = PBXVariantGroup;
			children = (
				C7399F8622B3773700EFDC75 /* Base */,
			);
			name = Main.storyboard;
			sourceTree = "<group>";
		};
		C7399F8A22B3773800EFDC75 /* LaunchScreen.storyboard */ = {
			isa = PBXVariantGroup;
			children = (
				C7399F8B22B3773800EFDC75 /* Base */,
			);
			name = LaunchScreen.storyboard;
			sourceTree = "<group>";
		};
/* End PBXVariantGroup section */

/* Begin XCBuildConfiguration section */
		C7399FA622B3773900EFDC75 /* Debug */ = {
			isa = XCBuildConfiguration;
			buildSettings = {
				ALWAYS_SEARCH_USER_PATHS = NO;
				CLANG_ANALYZER_NONNULL = YES;
				CLANG_ANALYZER_NUMBER_OBJECT_CONVERSION = YES_AGGRESSIVE;
				CLANG_CXX_LANGUAGE_STANDARD = "gnu++14";
				CLANG_CXX_LIBRARY = "libc++";
				CLANG_ENABLE_MODULES = YES;
				CLANG_ENABLE_OBJC_ARC = YES;
				CLANG_ENABLE_OBJC_WEAK = YES;
				CLANG_WARN_BLOCK_CAPTURE_AUTORELEASING = YES;
				CLANG_WARN_BOOL_CONVERSION = YES;
				CLANG_WARN_COMMA = YES;
				CLANG_WARN_CONSTANT_CONVERSION = YES;
				CLANG_WARN_DEPRECATED_OBJC_IMPLEMENTATIONS = YES;
				CLANG_WARN_DIRECT_OBJC_ISA_USAGE = YES_ERROR;
				CLANG_WARN_DOCUMENTATION_COMMENTS = YES;
				CLANG_WARN_EMPTY_BODY = YES;
				CLANG_WARN_ENUM_CONVERSION = YES;
				CLANG_WARN_INFINITE_RECURSION = YES;
				CLANG_WARN_INT_CONVERSION = YES;
				CLANG_WARN_NON_LITERAL_NULL_CONVERSION = YES;
				CLANG_WARN_OBJC_IMPLICIT_RETAIN_SELF = YES;
				CLANG_WARN_OBJC_LITERAL_CONVERSION = YES;
				CLANG_WARN_OBJC_ROOT_CLASS = YES_ERROR;
				CLANG_WARN_RANGE_LOOP_ANALYSIS = YES;
				CLANG_WARN_STRICT_PROTOTYPES = YES;
				CLANG_WARN_SUSPICIOUS_MOVE = YES;
				CLANG_WARN_UNGUARDED_AVAILABILITY = YES_AGGRESSIVE;
				CLANG_WARN_UNREACHABLE_CODE = YES;
				CLANG_WARN__DUPLICATE_METHOD_MATCH = YES;
				CODE_SIGN_IDENTITY = "iPhone Developer";
				COPY_PHASE_STRIP = NO;
				DEBUG_INFORMATION_FORMAT = dwarf;
				ENABLE_STRICT_OBJC_MSGSEND = YES;
				ENABLE_TESTABILITY = YES;
				GCC_C_LANGUAGE_STANDARD = gnu11;
				GCC_DYNAMIC_NO_PIC = NO;
				GCC_NO_COMMON_BLOCKS = YES;
				GCC_OPTIMIZATION_LEVEL = 0;
				GCC_PREPROCESSOR_DEFINITIONS = (
					"DEBUG=1",
					"$(inherited)",
				);
				GCC_WARN_64_TO_32_BIT_CONVERSION = YES;
				GCC_WARN_ABOUT_RETURN_TYPE = YES_ERROR;
				GCC_WARN_UNDECLARED_SELECTOR = YES;
				GCC_WARN_UNINITIALIZED_AUTOS = YES_AGGRESSIVE;
				GCC_WARN_UNUSED_FUNCTION = YES;
				GCC_WARN_UNUSED_VARIABLE = YES;
				IPHONEOS_DEPLOYMENT_TARGET = 12.2;
				MTL_ENABLE_DEBUG_INFO = INCLUDE_SOURCE;
				MTL_FAST_MATH = YES;
				ONLY_ACTIVE_ARCH = YES;
				SDKROOT = iphoneos;
			};
			name = Debug;
		};
		C7399FA722B3773900EFDC75 /* Release */ = {
			isa = XCBuildConfiguration;
			buildSettings = {
				ALWAYS_SEARCH_USER_PATHS = NO;
				CLANG_ANALYZER_NONNULL = YES;
				CLANG_ANALYZER_NUMBER_OBJECT_CONVERSION = YES_AGGRESSIVE;
				CLANG_CXX_LANGUAGE_STANDARD = "gnu++14";
				CLANG_CXX_LIBRARY = "libc++";
				CLANG_ENABLE_MODULES = YES;
				CLANG_ENABLE_OBJC_ARC = YES;
				CLANG_ENABLE_OBJC_WEAK = YES;
				CLANG_WARN_BLOCK_CAPTURE_AUTORELEASING = YES;
				CLANG_WARN_BOOL_CONVERSION = YES;
				CLANG_WARN_COMMA = YES;
				CLANG_WARN_CONSTANT_CONVERSION = YES;
				CLANG_WARN_DEPRECATED_OBJC_IMPLEMENTATIONS = YES;
				CLANG_WARN_DIRECT_OBJC_ISA_USAGE = YES_ERROR;
				CLANG_WARN_DOCUMENTATION_COMMENTS = YES;
				CLANG_WARN_EMPTY_BODY = YES;
				CLANG_WARN_ENUM_CONVERSION = YES;
				CLANG_WARN_INFINITE_RECURSION = YES;
				CLANG_WARN_INT_CONVERSION = YES;
				CLANG_WARN_NON_LITERAL_NULL_CONVERSION = YES;
				CLANG_WARN_OBJC_IMPLICIT_RETAIN_SELF = YES;
				CLANG_WARN_OBJC_LITERAL_CONVERSION = YES;
				CLANG_WARN_OBJC_ROOT_CLASS = YES_ERROR;
				CLANG_WARN_RANGE_LOOP_ANALYSIS = YES;
				CLANG_WARN_STRICT_PROTOTYPES = YES;
				CLANG_WARN_SUSPICIOUS_MOVE = YES;
				CLANG_WARN_UNGUARDED_AVAILABILITY = YES_AGGRESSIVE;
				CLANG_WARN_UNREACHABLE_CODE = YES;
				CLANG_WARN__DUPLICATE_METHOD_MATCH = YES;
				CODE_SIGN_IDENTITY = "iPhone Developer";
				COPY_PHASE_STRIP = NO;
				DEBUG_INFORMATION_FORMAT = "dwarf-with-dsym";
				ENABLE_NS_ASSERTIONS = NO;
				ENABLE_STRICT_OBJC_MSGSEND = YES;
				GCC_C_LANGUAGE_STANDARD = gnu11;
				GCC_NO_COMMON_BLOCKS = YES;
				GCC_WARN_64_TO_32_BIT_CONVERSION = YES;
				GCC_WARN_ABOUT_RETURN_TYPE = YES_ERROR;
				GCC_WARN_UNDECLARED_SELECTOR = YES;
				GCC_WARN_UNINITIALIZED_AUTOS = YES_AGGRESSIVE;
				GCC_WARN_UNUSED_FUNCTION = YES;
				GCC_WARN_UNUSED_VARIABLE = YES;
				IPHONEOS_DEPLOYMENT_TARGET = 12.2;
				MTL_ENABLE_DEBUG_INFO = NO;
				MTL_FAST_MATH = YES;
				SDKROOT = iphoneos;
				VALIDATE_PRODUCT = YES;
			};
			name = Release;
		};
		C7399FA922B3773900EFDC75 /* Debug */ = {
			isa = XCBuildConfiguration;
			baseConfigurationReference = 44F9F24897C594FE402CC857 /* Pods-NetWork-Demo.debug.xcconfig */;
			buildSettings = {
				ASSETCATALOG_COMPILER_APPICON_NAME = AppIcon;
				CODE_SIGN_STYLE = Automatic;
				INFOPLIST_FILE = "NetWork-Demo/Info.plist";
				LD_RUNPATH_SEARCH_PATHS = (
					"$(inherited)",
					"@executable_path/Frameworks",
				);
				PRODUCT_BUNDLE_IDENTIFIER = "aaa.NetWork-Demo";
				PRODUCT_NAME = "$(TARGET_NAME)";
				TARGETED_DEVICE_FAMILY = "1,2";
			};
			name = Debug;
		};
		C7399FAA22B3773900EFDC75 /* Release */ = {
			isa = XCBuildConfiguration;
			baseConfigurationReference = CF2EB3610AFA2003844BBE60 /* Pods-NetWork-Demo.release.xcconfig */;
			buildSettings = {
				ASSETCATALOG_COMPILER_APPICON_NAME = AppIcon;
				CODE_SIGN_STYLE = Automatic;
				INFOPLIST_FILE = "NetWork-Demo/Info.plist";
				LD_RUNPATH_SEARCH_PATHS = (
					"$(inherited)",
					"@executable_path/Frameworks",
				);
				PRODUCT_BUNDLE_IDENTIFIER = "aaa.NetWork-Demo";
				PRODUCT_NAME = "$(TARGET_NAME)";
				TARGETED_DEVICE_FAMILY = "1,2";
			};
			name = Release;
		};
		C7399FAC22B3773900EFDC75 /* Debug */ = {
			isa = XCBuildConfiguration;
			buildSettings = {
				BUNDLE_LOADER = "$(TEST_HOST)";
				CODE_SIGN_STYLE = Automatic;
				INFOPLIST_FILE = "NetWork-DemoTests/Info.plist";
				LD_RUNPATH_SEARCH_PATHS = (
					"$(inherited)",
					"@executable_path/Frameworks",
					"@loader_path/Frameworks",
				);
				PRODUCT_BUNDLE_IDENTIFIER = "aaa.NetWork-DemoTests";
				PRODUCT_NAME = "$(TARGET_NAME)";
				TARGETED_DEVICE_FAMILY = "1,2";
				TEST_HOST = "$(BUILT_PRODUCTS_DIR)/NetWork-Demo.app/NetWork-Demo";
			};
			name = Debug;
		};
		C7399FAD22B3773900EFDC75 /* Release */ = {
			isa = XCBuildConfiguration;
			buildSettings = {
				BUNDLE_LOADER = "$(TEST_HOST)";
				CODE_SIGN_STYLE = Automatic;
				INFOPLIST_FILE = "NetWork-DemoTests/Info.plist";
				LD_RUNPATH_SEARCH_PATHS = (
					"$(inherited)",
					"@executable_path/Frameworks",
					"@loader_path/Frameworks",
				);
				PRODUCT_BUNDLE_IDENTIFIER = "aaa.NetWork-DemoTests";
				PRODUCT_NAME = "$(TARGET_NAME)";
				TARGETED_DEVICE_FAMILY = "1,2";
				TEST_HOST = "$(BUILT_PRODUCTS_DIR)/NetWork-Demo.app/NetWork-Demo";
			};
			name = Release;
		};
		C7399FAF22B3773900EFDC75 /* Debug */ = {
			isa = XCBuildConfiguration;
			buildSettings = {
				CODE_SIGN_STYLE = Automatic;
				INFOPLIST_FILE = "NetWork-DemoUITests/Info.plist";
				LD_RUNPATH_SEARCH_PATHS = (
					"$(inherited)",
					"@executable_path/Frameworks",
					"@loader_path/Frameworks",
				);
				PRODUCT_BUNDLE_IDENTIFIER = "aaa.NetWork-DemoUITests";
				PRODUCT_NAME = "$(TARGET_NAME)";
				TARGETED_DEVICE_FAMILY = "1,2";
				TEST_TARGET_NAME = "NetWork-Demo";
			};
			name = Debug;
		};
		C7399FB022B3773900EFDC75 /* Release */ = {
			isa = XCBuildConfiguration;
			buildSettings = {
				CODE_SIGN_STYLE = Automatic;
				INFOPLIST_FILE = "NetWork-DemoUITests/Info.plist";
				LD_RUNPATH_SEARCH_PATHS = (
					"$(inherited)",
					"@executable_path/Frameworks",
					"@loader_path/Frameworks",
				);
				PRODUCT_BUNDLE_IDENTIFIER = "aaa.NetWork-DemoUITests";
				PRODUCT_NAME = "$(TARGET_NAME)";
				TARGETED_DEVICE_FAMILY = "1,2";
				TEST_TARGET_NAME = "NetWork-Demo";
			};
			name = Release;
		};
/* End XCBuildConfiguration section */

/* Begin XCConfigurationList section */
		C7399F7722B3773700EFDC75 /* Build configuration list for PBXProject "NetWork-Demo" */ = {
			isa = XCConfigurationList;
			buildConfigurations = (
				C7399FA622B3773900EFDC75 /* Debug */,
				C7399FA722B3773900EFDC75 /* Release */,
			);
			defaultConfigurationIsVisible = 0;
			defaultConfigurationName = Release;
		};
		C7399FA822B3773900EFDC75 /* Build configuration list for PBXNativeTarget "NetWork-Demo" */ = {
			isa = XCConfigurationList;
			buildConfigurations = (
				C7399FA922B3773900EFDC75 /* Debug */,
				C7399FAA22B3773900EFDC75 /* Release */,
			);
			defaultConfigurationIsVisible = 0;
			defaultConfigurationName = Release;
		};
		C7399FAB22B3773900EFDC75 /* Build configuration list for PBXNativeTarget "NetWork-DemoTests" */ = {
			isa = XCConfigurationList;
			buildConfigurations = (
				C7399FAC22B3773900EFDC75 /* Debug */,
				C7399FAD22B3773900EFDC75 /* Release */,
			);
			defaultConfigurationIsVisible = 0;
			defaultConfigurationName = Release;
		};
		C7399FAE22B3773900EFDC75 /* Build configuration list for PBXNativeTarget "NetWork-DemoUITests" */ = {
			isa = XCConfigurationList;
			buildConfigurations = (
				C7399FAF22B3773900EFDC75 /* Debug */,
				C7399FB022B3773900EFDC75 /* Release */,
			);
			defaultConfigurationIsVisible = 0;
			defaultConfigurationName = Release;
		};
/* End XCConfigurationList section */
	};
	rootObject = C7399F7422B3773700EFDC75 /* Project object */;
}
